// !$*UTF8*$!
{
	archiveVersion = 1;
	classes = {
	};
	objectVersion = 55;
	objects = {

/* Begin PBXBuildFile section */
		9378416D27C84C9700E065DE /* DetailViewController.swift in Sources */ = {isa = PBXBuildFile; fileRef = 9378416C27C84C9700E065DE /* DetailViewController.swift */; };
		9378416F27C850BB00E065DE /* Creature.swift in Sources */ = {isa = PBXBuildFile; fileRef = 9378416E27C850BB00E065DE /* Creature.swift */; };
		9378417127C851D100E065DE /* CreatureDetail.swift in Sources */ = {isa = PBXBuildFile; fileRef = 9378417027C851D100E065DE /* CreatureDetail.swift */; };
		93C6B03427BF10E600C94AA8 /* AppDelegate.swift in Sources */ = {isa = PBXBuildFile; fileRef = 93C6B03327BF10E600C94AA8 /* AppDelegate.swift */; };
		93C6B03627BF10E600C94AA8 /* SceneDelegate.swift in Sources */ = {isa = PBXBuildFile; fileRef = 93C6B03527BF10E600C94AA8 /* SceneDelegate.swift */; };
		93C6B03827BF10E600C94AA8 /* listViewController.swift in Sources */ = {isa = PBXBuildFile; fileRef = 93C6B03727BF10E600C94AA8 /* listViewController.swift */; };
		93C6B03B27BF10E600C94AA8 /* Main.storyboard in Resources */ = {isa = PBXBuildFile; fileRef = 93C6B03927BF10E600C94AA8 /* Main.storyboard */; };
		93C6B03D27BF10E800C94AA8 /* Assets.xcassets in Resources */ = {isa = PBXBuildFile; fileRef = 93C6B03C27BF10E800C94AA8 /* Assets.xcassets */; };
		93C6B04027BF10E800C94AA8 /* LaunchScreen.storyboard in Resources */ = {isa = PBXBuildFile; fileRef = 93C6B03E27BF10E800C94AA8 /* LaunchScreen.storyboard */; };
		93C6B04B27BF10E900C94AA8 /* PokemonAppTests.swift in Sources */ = {isa = PBXBuildFile; fileRef = 93C6B04A27BF10E900C94AA8 /* PokemonAppTests.swift */; };
		93C6B05527BF10E900C94AA8 /* PokemonAppUITests.swift in Sources */ = {isa = PBXBuildFile; fileRef = 93C6B05427BF10E900C94AA8 /* PokemonAppUITests.swift */; };
		93C6B05727BF10E900C94AA8 /* PokemonAppUITestsLaunchTests.swift in Sources */ = {isa = PBXBuildFile; fileRef = 93C6B05627BF10E900C94AA8 /* PokemonAppUITestsLaunchTests.swift */; };
		93C6B06427BF1BC300C94AA8 /* Creatures.swift in Sources */ = {isa = PBXBuildFile; fileRef = 93C6B06327BF1BC300C94AA8 /* Creatures.swift */; };
/* End PBXBuildFile section */

/* Begin PBXContainerItemProxy section */
		93C6B04727BF10E900C94AA8 /* PBXContainerItemProxy */ = {
			isa = PBXContainerItemProxy;
			containerPortal = 93C6B02827BF10E600C94AA8 /* Project object */;
			proxyType = 1;
			remoteGlobalIDString = 93C6B02F27BF10E600C94AA8;
			remoteInfo = PokemonApp;
		};
		93C6B05127BF10E900C94AA8 /* PBXContainerItemProxy */ = {
			isa = PBXContainerItemProxy;
			containerPortal = 93C6B02827BF10E600C94AA8 /* Project object */;
			proxyType = 1;
			remoteGlobalIDString = 93C6B02F27BF10E600C94AA8;
			remoteInfo = PokemonApp;
		};
/* End PBXContainerItemProxy section */

/* Begin PBXFileReference section */
		9378416C27C84C9700E065DE /* DetailViewController.swift */ = {isa = PBXFileReference; lastKnownFileType = sourcecode.swift; path = DetailViewController.swift; sourceTree = "<group>"; };
		9378416E27C850BB00E065DE /* Creature.swift */ = {isa = PBXFileReference; lastKnownFileType = sourcecode.swift; path = Creature.swift; sourceTree = "<group>"; };
		9378417027C851D100E065DE /* CreatureDetail.swift */ = {isa = PBXFileReference; lastKnownFileType = sourcecode.swift; path = CreatureDetail.swift; sourceTree = "<group>"; };
		93C6B03027BF10E600C94AA8 /* PokemonApp.app */ = {isa = PBXFileReference; explicitFileType = wrapper.application; includeInIndex = 0; path = PokemonApp.app; sourceTree = BUILT_PRODUCTS_DIR; };
		93C6B03327BF10E600C94AA8 /* AppDelegate.swift */ = {isa = PBXFileReference; lastKnownFileType = sourcecode.swift; path = AppDelegate.swift; sourceTree = "<group>"; };
		93C6B03527BF10E600C94AA8 /* SceneDelegate.swift */ = {isa = PBXFileReference; lastKnownFileType = sourcecode.swift; path = SceneDelegate.swift; sourceTree = "<group>"; };
		93C6B03727BF10E600C94AA8 /* listViewController.swift */ = {isa = PBXFileReference; lastKnownFileType = sourcecode.swift; path = listViewController.swift; sourceTree = "<group>"; };
		93C6B03A27BF10E600C94AA8 /* Base */ = {isa = PBXFileReference; lastKnownFileType = file.storyboard; name = Base; path = Base.lproj/Main.storyboard; sourceTree = "<group>"; };
		93C6B03C27BF10E800C94AA8 /* Assets.xcassets */ = {isa = PBXFileReference; lastKnownFileType = folder.assetcatalog; path = Assets.xcassets; sourceTree = "<group>"; };
		93C6B03F27BF10E800C94AA8 /* Base */ = {isa = PBXFileReference; lastKnownFileType = file.storyboard; name = Base; path = Base.lproj/LaunchScreen.storyboard; sourceTree = "<group>"; };
		93C6B04127BF10E800C94AA8 /* Info.plist */ = {isa = PBXFileReference; lastKnownFileType = text.plist.xml; path = Info.plist; sourceTree = "<group>"; };
		93C6B04627BF10E900C94AA8 /* PokemonAppTests.xctest */ = {isa = PBXFileReference; explicitFileType = wrapper.cfbundle; includeInIndex = 0; path = PokemonAppTests.xctest; sourceTree = BUILT_PRODUCTS_DIR; };
		93C6B04A27BF10E900C94AA8 /* PokemonAppTests.swift */ = {isa = PBXFileReference; lastKnownFileType = sourcecode.swift; path = PokemonAppTests.swift; sourceTree = "<group>"; };
		93C6B05027BF10E900C94AA8 /* PokemonAppUITests.xctest */ = {isa = PBXFileReference; explicitFileType = wrapper.cfbundle; includeInIndex = 0; path = PokemonAppUITests.xctest; sourceTree = BUILT_PRODUCTS_DIR; };
		93C6B05427BF10E900C94AA8 /* PokemonAppUITests.swift */ = {isa = PBXFileReference; lastKnownFileType = sourcecode.swift; path = PokemonAppUITests.swift; sourceTree = "<group>"; };
		93C6B05627BF10E900C94AA8 /* PokemonAppUITestsLaunchTests.swift */ = {isa = PBXFileReference; lastKnownFileType = sourcecode.swift; path = PokemonAppUITestsLaunchTests.swift; sourceTree = "<group>"; };
		93C6B06327BF1BC300C94AA8 /* Creatures.swift */ = {isa = PBXFileReference; lastKnownFileType = sourcecode.swift; path = Creatures.swift; sourceTree = "<group>"; };
/* End PBXFileReference section */

/* Begin PBXFrameworksBuildPhase section */
		93C6B02D27BF10E600C94AA8 /* Frameworks */ = {
			isa = PBXFrameworksBuildPhase;
			buildActionMask = 2147483647;
			files = (
			);
			runOnlyForDeploymentPostprocessing = 0;
		};
		93C6B04327BF10E900C94AA8 /* Frameworks */ = {
			isa = PBXFrameworksBuildPhase;
			buildActionMask = 2147483647;
			files = (
			);
			runOnlyForDeploymentPostprocessing = 0;
		};
		93C6B04D27BF10E900C94AA8 /* Frameworks */ = {
			isa = PBXFrameworksBuildPhase;
			buildActionMask = 2147483647;
			files = (
			);
			runOnlyForDeploymentPostprocessing = 0;
		};
/* End PBXFrameworksBuildPhase section */

/* Begin PBXGroup section */
		93C6B02727BF10E600C94AA8 = {
			isa = PBXGroup;
			children = (
				93C6B03227BF10E600C94AA8 /* PokemonApp */,
				93C6B04927BF10E900C94AA8 /* PokemonAppTests */,
				93C6B05327BF10E900C94AA8 /* PokemonAppUITests */,
				93C6B03127BF10E600C94AA8 /* Products */,
			);
			sourceTree = "<group>";
		};
		93C6B03127BF10E600C94AA8 /* Products */ = {
			isa = PBXGroup;
			children = (
				93C6B03027BF10E600C94AA8 /* PokemonApp.app */,
				93C6B04627BF10E900C94AA8 /* PokemonAppTests.xctest */,
				93C6B05027BF10E900C94AA8 /* PokemonAppUITests.xctest */,
			);
			name = Products;
			sourceTree = "<group>";
		};
		93C6B03227BF10E600C94AA8 /* PokemonApp */ = {
			isa = PBXGroup;
			children = (
				93C6B03327BF10E600C94AA8 /* AppDelegate.swift */,
				93C6B03527BF10E600C94AA8 /* SceneDelegate.swift */,
				9378416E27C850BB00E065DE /* Creature.swift */,
				9378417027C851D100E065DE /* CreatureDetail.swift */,
				93C6B06327BF1BC300C94AA8 /* Creatures.swift */,
				93C6B03727BF10E600C94AA8 /* listViewController.swift */,
				9378416C27C84C9700E065DE /* DetailViewController.swift */,
				93C6B03927BF10E600C94AA8 /* Main.storyboard */,
				93C6B03C27BF10E800C94AA8 /* Assets.xcassets */,
				93C6B03E27BF10E800C94AA8 /* LaunchScreen.storyboard */,
				93C6B04127BF10E800C94AA8 /* Info.plist */,
			);
			path = PokemonApp;
			sourceTree = "<group>";
		};
		93C6B04927BF10E900C94AA8 /* PokemonAppTests */ = {
			isa = PBXGroup;
			children = (
				93C6B04A27BF10E900C94AA8 /* PokemonAppTests.swift */,
			);
			path = PokemonAppTests;
			sourceTree = "<group>";
		};
		93C6B05327BF10E900C94AA8 /* PokemonAppUITests */ = {
			isa = PBXGroup;
			children = (
				93C6B05427BF10E900C94AA8 /* PokemonAppUITests.swift */,
				93C6B05627BF10E900C94AA8 /* PokemonAppUITestsLaunchTests.swift */,
			);
			path = PokemonAppUITests;
			sourceTree = "<group>";
		};
/* End PBXGroup section */

/* Begin PBXNativeTarget section */
		93C6B02F27BF10E600C94AA8 /* PokemonApp */ = {
			isa = PBXNativeTarget;
			buildConfigurationList = 93C6B05A27BF10E900C94AA8 /* Build configuration list for PBXNativeTarget "PokemonApp" */;
			buildPhases = (
				93C6B02C27BF10E600C94AA8 /* Sources */,
				93C6B02D27BF10E600C94AA8 /* Frameworks */,
				93C6B02E27BF10E600C94AA8 /* Resources */,
			);
			buildRules = (
			);
			dependencies = (
			);
			name = PokemonApp;
			productName = PokemonApp;
			productReference = 93C6B03027BF10E600C94AA8 /* PokemonApp.app */;
			productType = "com.apple.product-type.application";
		};
		93C6B04527BF10E900C94AA8 /* PokemonAppTests */ = {
			isa = PBXNativeTarget;
			buildConfigurationList = 93C6B05D27BF10E900C94AA8 /* Build configuration list for PBXNativeTarget "PokemonAppTests" */;
			buildPhases = (
				93C6B04227BF10E900C94AA8 /* Sources */,
				93C6B04327BF10E900C94AA8 /* Frameworks */,
				93C6B04427BF10E900C94AA8 /* Resources */,
			);
			buildRules = (
			);
			dependencies = (
				93C6B04827BF10E900C94AA8 /* PBXTargetDependency */,
			);
			name = PokemonAppTests;
			productName = PokemonAppTests;
			productReference = 93C6B04627BF10E900C94AA8 /* PokemonAppTests.xctest */;
			productType = "com.apple.product-type.bundle.unit-test";
		};
		93C6B04F27BF10E900C94AA8 /* PokemonAppUITests */ = {
			isa = PBXNativeTarget;
			buildConfigurationList = 93C6B06027BF10E900C94AA8 /* Build configuration list for PBXNativeTarget "PokemonAppUITests" */;
			buildPhases = (
				93C6B04C27BF10E900C94AA8 /* Sources */,
				93C6B04D27BF10E900C94AA8 /* Frameworks */,
				93C6B04E27BF10E900C94AA8 /* Resources */,
			);
			buildRules = (
			);
			dependencies = (
				93C6B05227BF10E900C94AA8 /* PBXTargetDependency */,
			);
			name = PokemonAppUITests;
			productName = PokemonAppUITests;
			productReference = 93C6B05027BF10E900C94AA8 /* PokemonAppUITests.xctest */;
			productType = "com.apple.product-type.bundle.ui-testing";
		};
/* End PBXNativeTarget section */

/* Begin PBXProject section */
		93C6B02827BF10E600C94AA8 /* Project object */ = {
			isa = PBXProject;
			attributes = {
				BuildIndependentTargetsInParallel = 1;
				LastSwiftUpdateCheck = 1320;
				LastUpgradeCheck = 1320;
				TargetAttributes = {
					93C6B02F27BF10E600C94AA8 = {
						CreatedOnToolsVersion = 13.2.1;
					};
					93C6B04527BF10E900C94AA8 = {
						CreatedOnToolsVersion = 13.2.1;
						TestTargetID = 93C6B02F27BF10E600C94AA8;
					};
					93C6B04F27BF10E900C94AA8 = {
						CreatedOnToolsVersion = 13.2.1;
						TestTargetID = 93C6B02F27BF10E600C94AA8;
					};
				};
			};
			buildConfigurationList = 93C6B02B27BF10E600C94AA8 /* Build configuration list for PBXProject "PokemonApp" */;
			compatibilityVersion = "Xcode 13.0";
			developmentRegion = en;
			hasScannedForEncodings = 0;
			knownRegions = (
				en,
				Base,
			);
			mainGroup = 93C6B02727BF10E600C94AA8;
			productRefGroup = 93C6B03127BF10E600C94AA8 /* Products */;
			projectDirPath = "";
			projectRoot = "";
			targets = (
				93C6B02F27BF10E600C94AA8 /* PokemonApp */,
				93C6B04527BF10E900C94AA8 /* PokemonAppTests */,
				93C6B04F27BF10E900C94AA8 /* PokemonAppUITests */,
			);
		};
/* End PBXProject section */

/* Begin PBXResourcesBuildPhase section */
		93C6B02E27BF10E600C94AA8 /* Resources */ = {
			isa = PBXResourcesBuildPhase;
			buildActionMask = 2147483647;
			files = (
				93C6B04027BF10E800C94AA8 /* LaunchScreen.storyboard in Resources */,
				93C6B03D27BF10E800C94AA8 /* Assets.xcassets in Resources */,
				93C6B03B27BF10E600C94AA8 /* Main.storyboard in Resources */,
			);
			runOnlyForDeploymentPostprocessing = 0;
		};
		93C6B04427BF10E900C94AA8 /* Resources */ = {
			isa = PBXResourcesBuildPhase;
			buildActionMask = 2147483647;
			files = (
			);
			runOnlyForDeploymentPostprocessing = 0;
		};
		93C6B04E27BF10E900C94AA8 /* Resources */ = {
			isa = PBXResourcesBuildPhase;
			buildActionMask = 2147483647;
			files = (
			);
			runOnlyForDeploymentPostprocessing = 0;
		};
/* End PBXResourcesBuildPhase section */

/* Begin PBXSourcesBuildPhase section */
		93C6B02C27BF10E600C94AA8 /* Sources */ = {
			isa = PBXSourcesBuildPhase;
			buildActionMask = 2147483647;
			files = (
				93C6B06427BF1BC300C94AA8 /* Creatures.swift in Sources */,
				93C6B03827BF10E600C94AA8 /* listViewController.swift in Sources */,
				9378416F27C850BB00E065DE /* Creature.swift in Sources */,
				9378416D27C84C9700E065DE /* DetailViewController.swift in Sources */,
				9378417127C851D100E065DE /* CreatureDetail.swift in Sources */,
				93C6B03427BF10E600C94AA8 /* AppDelegate.swift in Sources */,
				93C6B03627BF10E600C94AA8 /* SceneDelegate.swift in Sources */,
			);
			runOnlyForDeploymentPostprocessing = 0;
		};
		93C6B04227BF10E900C94AA8 /* Sources */ = {
			isa = PBXSourcesBuildPhase;
			buildActionMask = 2147483647;
			files = (
				93C6B04B27BF10E900C94AA8 /* PokemonAppTests.swift in Sources */,
			);
			runOnlyForDeploymentPostprocessing = 0;
		};
		93C6B04C27BF10E900C94AA8 /* Sources */ = {
			isa = PBXSourcesBuildPhase;
			buildActionMask = 2147483647;
			files = (
				93C6B05727BF10E900C94AA8 /* PokemonAppUITestsLaunchTests.swift in Sources */,
				93C6B05527BF10E900C94AA8 /* PokemonAppUITests.swift in Sources */,
			);
			runOnlyForDeploymentPostprocessing = 0;
		};
/* End PBXSourcesBuildPhase section */

/* Begin PBXTargetDependency section */
		93C6B04827BF10E900C94AA8 /* PBXTargetDependency */ = {
			isa = PBXTargetDependency;
			target = 93C6B02F27BF10E600C94AA8 /* PokemonApp */;
			targetProxy = 93C6B04727BF10E900C94AA8 /* PBXContainerItemProxy */;
		};
		93C6B05227BF10E900C94AA8 /* PBXTargetDependency */ = {
			isa = PBXTargetDependency;
			target = 93C6B02F27BF10E600C94AA8 /* PokemonApp */;
			targetProxy = 93C6B05127BF10E900C94AA8 /* PBXContainerItemProxy */;
		};
/* End PBXTargetDependency section */

/* Begin PBXVariantGroup section */
		93C6B03927BF10E600C94AA8 /* Main.storyboard */ = {
			isa = PBXVariantGroup;
			children = (
				93C6B03A27BF10E600C94AA8 /* Base */,
			);
			name = Main.storyboard;
			sourceTree = "<group>";
		};
		93C6B03E27BF10E800C94AA8 /* LaunchScreen.storyboard */ = {
			isa = PBXVariantGroup;
			children = (
				93C6B03F27BF10E800C94AA8 /* Base */,
			);
			name = LaunchScreen.storyboard;
			sourceTree = "<group>";
		};
/* End PBXVariantGroup section */

/* Begin XCBuildConfiguration section */
		93C6B05827BF10E900C94AA8 /* Debug */ = {
			isa = XCBuildConfiguration;
			buildSettings = {
				ALWAYS_SEARCH_USER_PATHS = NO;
				CLANG_ANALYZER_NONNULL = YES;
				CLANG_ANALYZER_NUMBER_OBJECT_CONVERSION = YES_AGGRESSIVE;
				CLANG_CXX_LANGUAGE_STANDARD = "gnu++17";
				CLANG_CXX_LIBRARY = "libc++";
				CLANG_ENABLE_MODULES = YES;
				CLANG_ENABLE_OBJC_ARC = YES;
				CLANG_ENABLE_OBJC_WEAK = YES;
				CLANG_WARN_BLOCK_CAPTURE_AUTORELEASING = YES;
				CLANG_WARN_BOOL_CONVERSION = YES;
				CLANG_WARN_COMMA = YES;
				CLANG_WARN_CONSTANT_CONVERSION = YES;
				CLANG_WARN_DEPRECATED_OBJC_IMPLEMENTATIONS = YES;
				CLANG_WARN_DIRECT_OBJC_ISA_USAGE = YES_ERROR;
				CLANG_WARN_DOCUMENTATION_COMMENTS = YES;
				CLANG_WARN_EMPTY_BODY = YES;
				CLANG_WARN_ENUM_CONVERSION = YES;
				CLANG_WARN_INFINITE_RECURSION = YES;
				CLANG_WARN_INT_CONVERSION = YES;
				CLANG_WARN_NON_LITERAL_NULL_CONVERSION = YES;
				CLANG_WARN_OBJC_IMPLICIT_RETAIN_SELF = YES;
				CLANG_WARN_OBJC_LITERAL_CONVERSION = YES;
				CLANG_WARN_OBJC_ROOT_CLASS = YES_ERROR;
				CLANG_WARN_QUOTED_INCLUDE_IN_FRAMEWORK_HEADER = YES;
				CLANG_WARN_RANGE_LOOP_ANALYSIS = YES;
				CLANG_WARN_STRICT_PROTOTYPES = YES;
				CLANG_WARN_SUSPICIOUS_MOVE = YES;
				CLANG_WARN_UNGUARDED_AVAILABILITY = YES_AGGRESSIVE;
				CLANG_WARN_UNREACHABLE_CODE = YES;
				CLANG_WARN__DUPLICATE_METHOD_MATCH = YES;
				COPY_PHASE_STRIP = NO;
				DEBUG_INFORMATION_FORMAT = dwarf;
				ENABLE_STRICT_OBJC_MSGSEND = YES;
				ENABLE_TESTABILITY = YES;
				GCC_C_LANGUAGE_STANDARD = gnu11;
				GCC_DYNAMIC_NO_PIC = NO;
				GCC_NO_COMMON_BLOCKS = YES;
				GCC_OPTIMIZATION_LEVEL = 0;
				GCC_PREPROCESSOR_DEFINITIONS = (
					"DEBUG=1",
					"$(inherited)",
				);
				GCC_WARN_64_TO_32_BIT_CONVERSION = YES;
				GCC_WARN_ABOUT_RETURN_TYPE = YES_ERROR;
				GCC_WARN_UNDECLARED_SELECTOR = YES;
				GCC_WARN_UNINITIALIZED_AUTOS = YES_AGGRESSIVE;
				GCC_WARN_UNUSED_FUNCTION = YES;
				GCC_WARN_UNUSED_VARIABLE = YES;
				IPHONEOS_DEPLOYMENT_TARGET = 15.2;
				MTL_ENABLE_DEBUG_INFO = INCLUDE_SOURCE;
				MTL_FAST_MATH = YES;
				ONLY_ACTIVE_ARCH = YES;
				SDKROOT = iphoneos;
				SWIFT_ACTIVE_COMPILATION_CONDITIONS = DEBUG;
				SWIFT_OPTIMIZATION_LEVEL = "-Onone";
			};
			name = Debug;
		};
		93C6B05927BF10E900C94AA8 /* Release */ = {
			isa = XCBuildConfiguration;
			buildSettings = {
				ALWAYS_SEARCH_USER_PATHS = NO;
				CLANG_ANALYZER_NONNULL = YES;
				CLANG_ANALYZER_NUMBER_OBJECT_CONVERSION = YES_AGGRESSIVE;
				CLANG_CXX_LANGUAGE_STANDARD = "gnu++17";
				CLANG_CXX_LIBRARY = "libc++";
				CLANG_ENABLE_MODULES = YES;
				CLANG_ENABLE_OBJC_ARC = YES;
				CLANG_ENABLE_OBJC_WEAK = YES;
				CLANG_WARN_BLOCK_CAPTURE_AUTORELEASING = YES;
				CLANG_WARN_BOOL_CONVERSION = YES;
				CLANG_WARN_COMMA = YES;
				CLANG_WARN_CONSTANT_CONVERSION = YES;
				CLANG_WARN_DEPRECATED_OBJC_IMPLEMENTATIONS = YES;
				CLANG_WARN_DIRECT_OBJC_ISA_USAGE = YES_ERROR;
				CLANG_WARN_DOCUMENTATION_COMMENTS = YES;
				CLANG_WARN_EMPTY_BODY = YES;
				CLANG_WARN_ENUM_CONVERSION = YES;
				CLANG_WARN_INFINITE_RECURSION = YES;
				CLANG_WARN_INT_CONVERSION = YES;
				CLANG_WARN_NON_LITERAL_NULL_CONVERSION = YES;
				CLANG_WARN_OBJC_IMPLICIT_RETAIN_SELF = YES;
				CLANG_WARN_OBJC_LITERAL_CONVERSION = YES;
				CLANG_WARN_OBJC_ROOT_CLASS = YES_ERROR;
				CLANG_WARN_QUOTED_INCLUDE_IN_FRAMEWORK_HEADER = YES;
				CLANG_WARN_RANGE_LOOP_ANALYSIS = YES;
				CLANG_WARN_STRICT_PROTOTYPES = YES;
				CLANG_WARN_SUSPICIOUS_MOVE = YES;
				CLANG_WARN_UNGUARDED_AVAILABILITY = YES_AGGRESSIVE;
				CLANG_WARN_UNREACHABLE_CODE = YES;
				CLANG_WARN__DUPLICATE_METHOD_MATCH = YES;
				COPY_PHASE_STRIP = NO;
				DEBUG_INFORMATION_FORMAT = "dwarf-with-dsym";
				ENABLE_NS_ASSERTIONS = NO;
				ENABLE_STRICT_OBJC_MSGSEND = YES;
				GCC_C_LANGUAGE_STANDARD = gnu11;
				GCC_NO_COMMON_BLOCKS = YES;
				GCC_WARN_64_TO_32_BIT_CONVERSION = YES;
				GCC_WARN_ABOUT_RETURN_TYPE = YES_ERROR;
				GCC_WARN_UNDECLARED_SELECTOR = YES;
				GCC_WARN_UNINITIALIZED_AUTOS = YES_AGGRESSIVE;
				GCC_WARN_UNUSED_FUNCTION = YES;
				GCC_WARN_UNUSED_VARIABLE = YES;
				IPHONEOS_DEPLOYMENT_TARGET = 15.2;
				MTL_ENABLE_DEBUG_INFO = NO;
				MTL_FAST_MATH = YES;
				SDKROOT = iphoneos;
				SWIFT_COMPILATION_MODE = wholemodule;
				SWIFT_OPTIMIZATION_LEVEL = "-O";
				VALIDATE_PRODUCT = YES;
			};
			name = Release;
		};
		93C6B05B27BF10E900C94AA8 /* Debug */ = {
			isa = XCBuildConfiguration;
			buildSettings = {
				ASSETCATALOG_COMPILER_APPICON_NAME = AppIcon;
				ASSETCATALOG_COMPILER_GLOBAL_ACCENT_COLOR_NAME = AccentColor;
				CODE_SIGN_STYLE = Automatic;
				CURRENT_PROJECT_VERSION = 1;
				DEVELOPMENT_TEAM = 94S5GB3XX2;
				GENERATE_INFOPLIST_FILE = YES;
				INFOPLIST_FILE = PokemonApp/Info.plist;
				INFOPLIST_KEY_UIApplicationSupportsIndirectInputEvents = YES;
				INFOPLIST_KEY_UILaunchStoryboardName = LaunchScreen;
				INFOPLIST_KEY_UIMainStoryboardFile = Main;
				INFOPLIST_KEY_UISupportedInterfaceOrientations_iPad = "UIInterfaceOrientationPortrait UIInterfaceOrientationPortraitUpsideDown UIInterfaceOrientationLandscapeLeft UIInterfaceOrientationLandscapeRight";
				INFOPLIST_KEY_UISupportedInterfaceOrientations_iPhone = "UIInterfaceOrientationPortrait UIInterfaceOrientationLandscapeLeft UIInterfaceOrientationLandscapeRight";
				LD_RUNPATH_SEARCH_PATHS = (
					"$(inherited)",
					"@executable_path/Frameworks",
				);
				MARKETING_VERSION = 1.0;
				PRODUCT_BUNDLE_IDENTIFIER = com.twiggs.PokemonApp;
				PRODUCT_NAME = "$(TARGET_NAME)";
				SWIFT_EMIT_LOC_STRINGS = YES;
				SWIFT_VERSION = 5.0;
				TARGETED_DEVICE_FAMILY = "1,2";
			};
			name = Debug;
		};
		93C6B05C27BF10E900C94AA8 /* Release */ = {
			isa = XCBuildConfiguration;
			buildSettings = {
				ASSETCATALOG_COMPILER_APPICON_NAME = AppIcon;
				ASSETCATALOG_COMPILER_GLOBAL_ACCENT_COLOR_NAME = AccentColor;
				CODE_SIGN_STYLE = Automatic;
				CURRENT_PROJECT_VERSION = 1;
				DEVELOPMENT_TEAM = 94S5GB3XX2;
				GENERATE_INFOPLIST_FILE = YES;
				INFOPLIST_FILE = PokemonApp/Info.plist;
				INFOPLIST_KEY_UIApplicationSupportsIndirectInputEvents = YES;
				INFOPLIST_KEY_UILaunchStoryboardName = LaunchScreen;
				INFOPLIST_KEY_UIMainStoryboardFile = Main;
				INFOPLIST_KEY_UISupportedInterfaceOrientations_iPad = "UIInterfaceOrientationPortrait UIInterfaceOrientationPortraitUpsideDown UIInterfaceOrientationLandscapeLeft UIInterfaceOrientationLandscapeRight";
				INFOPLIST_KEY_UISupportedInterfaceOrientations_iPhone = "UIInterfaceOrientationPortrait UIInterfaceOrientationLandscapeLeft UIInterfaceOrientationLandscapeRight";
				LD_RUNPATH_SEARCH_PATHS = (
					"$(inherited)",
					"@executable_path/Frameworks",
				);
				MARKETING_VERSION = 1.0;
				PRODUCT_BUNDLE_IDENTIFIER = com.twiggs.PokemonApp;
				PRODUCT_NAME = "$(TARGET_NAME)";
				SWIFT_EMIT_LOC_STRINGS = YES;
				SWIFT_VERSION = 5.0;
				TARGETED_DEVICE_FAMILY = "1,2";
			};
			name = Release;
		};
		93C6B05E27BF10E900C94AA8 /* Debug */ = {
			isa = XCBuildConfiguration;
			buildSettings = {
				ALWAYS_EMBED_SWIFT_STANDARD_LIBRARIES = YES;
				BUNDLE_LOADER = "$(TEST_HOST)";
				CODE_SIGN_STYLE = Automatic;
				CURRENT_PROJECT_VERSION = 1;
				DEVELOPMENT_TEAM = 94S5GB3XX2;
				GENERATE_INFOPLIST_FILE = YES;
				IPHONEOS_DEPLOYMENT_TARGET = 15.2;
				MARKETING_VERSION = 1.0;
				PRODUCT_BUNDLE_IDENTIFIER = com.twiggs.PokemonAppTests;
				PRODUCT_NAME = "$(TARGET_NAME)";
				SWIFT_EMIT_LOC_STRINGS = NO;
				SWIFT_VERSION = 5.0;
				TARGETED_DEVICE_FAMILY = "1,2";
				TEST_HOST = "$(BUILT_PRODUCTS_DIR)/PokemonApp.app/PokemonApp";
			};
			name = Debug;
		};
		93C6B05F27BF10E900C94AA8 /* Release */ = {
			isa = XCBuildConfiguration;
			buildSettings = {
				ALWAYS_EMBED_SWIFT_STANDARD_LIBRARIES = YES;
				BUNDLE_LOADER = "$(TEST_HOST)";
				CODE_SIGN_STYLE = Automatic;
				CURRENT_PROJECT_VERSION = 1;
				DEVELOPMENT_TEAM = 94S5GB3XX2;
				GENERATE_INFOPLIST_FILE = YES;
				IPHONEOS_DEPLOYMENT_TARGET = 15.2;
				MARKETING_VERSION = 1.0;
				PRODUCT_BUNDLE_IDENTIFIER = com.twiggs.PokemonAppTests;
				PRODUCT_NAME = "$(TARGET_NAME)";
				SWIFT_EMIT_LOC_STRINGS = NO;
				SWIFT_VERSION = 5.0;
				TARGETED_DEVICE_FAMILY = "1,2";
				TEST_HOST = "$(BUILT_PRODUCTS_DIR)/PokemonApp.app/PokemonApp";
			};
			name = Release;
		};
		93C6B06127BF10E900C94AA8 /* Debug */ = {
			isa = XCBuildConfiguration;
			buildSettings = {
				ALWAYS_EMBED_SWIFT_STANDARD_LIBRARIES = YES;
				CODE_SIGN_STYLE = Automatic;
				CURRENT_PROJECT_VERSION = 1;
				DEVELOPMENT_TEAM = 94S5GB3XX2;
				GENERATE_INFOPLIST_FILE = YES;
				MARKETING_VERSION = 1.0;
				PRODUCT_BUNDLE_IDENTIFIER = com.twiggs.PokemonAppUITests;
				PRODUCT_NAME = "$(TARGET_NAME)";
				SWIFT_EMIT_LOC_STRINGS = NO;
				SWIFT_VERSION = 5.0;
				TARGETED_DEVICE_FAMILY = "1,2";
				TEST_TARGET_NAME = PokemonApp;
			};
			name = Debug;
		};
		93C6B06227BF10E900C94AA8 /* Release */ = {
			isa = XCBuildConfiguration;
			buildSettings = {
				ALWAYS_EMBED_SWIFT_STANDARD_LIBRARIES = YES;
				CODE_SIGN_STYLE = Automatic;
				CURRENT_PROJECT_VERSION = 1;
				DEVELOPMENT_TEAM = 94S5GB3XX2;
				GENERATE_INFOPLIST_FILE = YES;
				MARKETING_VERSION = 1.0;
				PRODUCT_BUNDLE_IDENTIFIER = com.twiggs.PokemonAppUITests;
				PRODUCT_NAME = "$(TARGET_NAME)";
				SWIFT_EMIT_LOC_STRINGS = NO;
				SWIFT_VERSION = 5.0;
				TARGETED_DEVICE_FAMILY = "1,2";
				TEST_TARGET_NAME = PokemonApp;
			};
			name = Release;
		};
/* End XCBuildConfiguration section */

/* Begin XCConfigurationList section */
		93C6B02B27BF10E600C94AA8 /* Build configuration list for PBXProject "PokemonApp" */ = {
			isa = XCConfigurationList;
			buildConfigurations = (
				93C6B05827BF10E900C94AA8 /* Debug */,
				93C6B05927BF10E900C94AA8 /* Release */,
			);
			defaultConfigurationIsVisible = 0;
			defaultConfigurationName = Release;
		};
		93C6B05A27BF10E900C94AA8 /* Build configuration list for PBXNativeTarget "PokemonApp" */ = {
			isa = XCConfigurationList;
			buildConfigurations = (
				93C6B05B27BF10E900C94AA8 /* Debug */,
				93C6B05C27BF10E900C94AA8 /* Release */,
			);
			defaultConfigurationIsVisible = 0;
			defaultConfigurationName = Release;
		};
		93C6B05D27BF10E900C94AA8 /* Build configuration list for PBXNativeTarget "PokemonAppTests" */ = {
			isa = XCConfigurationList;
			buildConfigurations = (
				93C6B05E27BF10E900C94AA8 /* Debug */,
				93C6B05F27BF10E900C94AA8 /* Release */,
			);
			defaultConfigurationIsVisible = 0;
			defaultConfigurationName = Release;
		};
		93C6B06027BF10E900C94AA8 /* Build configuration list for PBXNativeTarget "PokemonAppUITests" */ = {
			isa = XCConfigurationList;
			buildConfigurations = (
				93C6B06127BF10E900C94AA8 /* Debug */,
				93C6B06227BF10E900C94AA8 /* Release */,
			);
			defaultConfigurationIsVisible = 0;
			defaultConfigurationName = Release;
		};
/* End XCConfigurationList section */
	};
	rootObject = 93C6B02827BF10E600C94AA8 /* Project object */;
}
